
Microsoft Visual Studio Solution File, Format Version 12.00
# Visual Studio 15
VisualStudioVersion = 15.0.27703.2047
MinimumVisualStudioVersion = 10.0.40219.1
Project("{FAE04EC0-301F-11D3-BF4B-00C04F79EFBC}") = "WorkHelper", "WorkHelper\WorkHelper.csproj", "{BC6CA187-056A-4F9F-AE92-52CBF7DAA7BC}"
EndProject
Project("{FAE04EC0-301F-11D3-BF4B-00C04F79EFBC}") = "WorkHelper.UI.Test", "WorkHelper.UI.Test\WorkHelper.UI.Test.csproj", "{A0F05B65-5B18-4E01-AF16-84E3D5B25F5D}"
EndProject
Global
	GlobalSection(SolutionConfigurationPlatforms) = preSolution
		Debug|Any CPU = Debug|Any CPU
		Release|Any CPU = Release|Any CPU
	EndGlobalSection
	GlobalSection(ProjectConfigurationPlatforms) = postSolution
		{BC6CA187-056A-4F9F-AE92-52CBF7DAA7BC}.Debug|Any CPU.ActiveCfg = Debug|Any CPU
		{BC6CA187-056A-4F9F-AE92-52CBF7DAA7BC}.Debug|Any CPU.Build.0 = Debug|Any CPU
		{BC6CA187-056A-4F9F-AE92-52CBF7DAA7BC}.Release|Any CPU.ActiveCfg = Release|Any CPU
		{BC6CA187-056A-4F9F-AE92-52CBF7DAA7BC}.Release|Any CPU.Build.0 = Release|Any CPU
		{A0F05B65-5B18-4E01-AF16-84E3D5B25F5D}.Debug|Any CPU.ActiveCfg = Debug|Any CPU
		{A0F05B65-5B18-4E01-AF16-84E3D5B25F5D}.Debug|Any CPU.Build.0 = Debug|Any CPU
		{A0F05B65-5B18-4E01-AF16-84E3D5B25F5D}.Release|Any CPU.ActiveCfg = Release|Any CPU
		{A0F05B65-5B18-4E01-AF16-84E3D5B25F5D}.Release|Any CPU.Build.0 = Release|Any CPU
	EndGlobalSection
	GlobalSection(SolutionProperties) = preSolution
		HideSolutionNode = FALSE
	EndGlobalSection
	GlobalSection(ExtensibilityGlobals) = postSolution
		SolutionGuid = {B3ACEF02-E4B3-4E31-A147-732BE3CD1493}
	EndGlobalSection
EndGlobal
